
Microsoft Visual Studio Solution File, Format Version 12.00
# Visual Studio Version 16
VisualStudioVersion = 16.0.31005.135
MinimumVisualStudioVersion = 10.0.40219.1
Project("{8BC9CEB8-8B4A-11D0-8D11-00A0C91BC942}") = "ConsoleApplication1", "ConsoleApplication1\ConsoleApplication1.vcxproj", "{C21132D0-0DC1-4E18-8024-E067007F87EC}"
EndProject
Global
	GlobalSection(SolutionConfigurationPlatforms) = preSolution
		Debug|x64 = Debug|x64
		Debug|x86 = Debug|x86
		Release|x64 = Release|x64
		Release|x86 = Release|x86
	EndGlobalSection
	GlobalSection(ProjectConfigurationPlatforms) = postSolution
		{C21132D0-0DC1-4E18-8024-E067007F87EC}.Debug|x64.ActiveCfg = Debug|x64
		{C21132D0-0DC1-4E18-8024-E067007F87EC}.Debug|x64.Build.0 = Debug|x64
		{C21132D0-0DC1-4E18-8024-E067007F87EC}.Debug|x86.ActiveCfg = Debug|Win32
		{C21132D0-0DC1-4E18-8024-E067007F87EC}.Debug|x86.Build.0 = Debug|Win32
		{C21132D0-0DC1-4E18-8024-E067007F87EC}.Release|x64.ActiveCfg = Release|x64
		{C21132D0-0DC1-4E18-8024-E067007F87EC}.Release|x64.Build.0 = Release|x64
		{C21132D0-0DC1-4E18-8024-E067007F87EC}.Release|x86.ActiveCfg = Release|Win32
		{C21132D0-0DC1-4E18-8024-E067007F87EC}.Release|x86.Build.0 = Release|Win32
	EndGlobalSection
	GlobalSection(SolutionProperties) = preSolution
		HideSolutionNode = FALSE
	EndGlobalSection
	GlobalSection(ExtensibilityGlobals) = postSolution
		SolutionGuid = {70E4EBD8-3F06-43AE-A244-CB0F004D8660}
	EndGlobalSection
EndGlobal
